
Microsoft Visual Studio Solution File, Format Version 12.00
# Visual Studio Version 17
VisualStudioVersion = 17.11.35312.102
MinimumVisualStudioVersion = 10.0.40219.1
Project("{FAE04EC0-301F-11D3-BF4B-00C04F79EFBC}") = "AirDefenseOptimizer", "AirDefenseOptimizer.csproj", "{69F0950C-654D-4CC9-ADE5-100B4212E0EC}"
EndProject
Global
	GlobalSection(SolutionConfigurationPlatforms) = preSolution
		Debug|Any CPU = Debug|Any CPU
		Release|Any CPU = Release|Any CPU
	EndGlobalSection
	GlobalSection(ProjectConfigurationPlatforms) = postSolution
		{69F0950C-654D-4CC9-ADE5-100B4212E0EC}.Debug|Any CPU.ActiveCfg = Debug|Any CPU
		{69F0950C-654D-4CC9-ADE5-100B4212E0EC}.Debug|Any CPU.Build.0 = Debug|Any CPU
		{69F0950C-654D-4CC9-ADE5-100B4212E0EC}.Release|Any CPU.ActiveCfg = Release|Any CPU
		{69F0950C-654D-4CC9-ADE5-100B4212E0EC}.Release|Any CPU.Build.0 = Release|Any CPU
	EndGlobalSection
	GlobalSection(SolutionProperties) = preSolution
		HideSolutionNode = FALSE
	EndGlobalSection
	GlobalSection(ExtensibilityGlobals) = postSolution
		SolutionGuid = {D1E9465B-0D95-47D7-A117-6607F6F44186}
	EndGlobalSection
EndGlobal
